// !$*UTF8*$!
{
	archiveVersion = 1;
	classes = {
	};
	objectVersion = 46;
	objects = {

/* Begin PBXBuildFile section */
		94D5DB421D45C2DB0072F821 /* main.m in Sources */ = {isa = PBXBuildFile; fileRef = 94D5DB411D45C2DB0072F821 /* main.m */; };
		94D5DB451D45C2DB0072F821 /* AppDelegate.m in Sources */ = {isa = PBXBuildFile; fileRef = 94D5DB441D45C2DB0072F821 /* AppDelegate.m */; };
		94D5DB481D45C2DB0072F821 /* ViewController.m in Sources */ = {isa = PBXBuildFile; fileRef = 94D5DB471D45C2DB0072F821 /* ViewController.m */; };
		94D5DB4B1D45C2DB0072F821 /* Main.storyboard in Resources */ = {isa = PBXBuildFile; fileRef = 94D5DB491D45C2DB0072F821 /* Main.storyboard */; };
		94D5DB4D1D45C2DB0072F821 /* Assets.xcassets in Resources */ = {isa = PBXBuildFile; fileRef = 94D5DB4C1D45C2DB0072F821 /* Assets.xcassets */; };
		94D5DB501D45C2DB0072F821 /* LaunchScreen.storyboard in Resources */ = {isa = PBXBuildFile; fileRef = 94D5DB4E1D45C2DB0072F821 /* LaunchScreen.storyboard */; };
		94D5DB5B1D45C2DB0072F821 /* QuizTests.m in Sources */ = {isa = PBXBuildFile; fileRef = 94D5DB5A1D45C2DB0072F821 /* QuizTests.m */; };
		94D5DB661D45C2DB0072F821 /* QuizUITests.m in Sources */ = {isa = PBXBuildFile; fileRef = 94D5DB651D45C2DB0072F821 /* QuizUITests.m */; };
/* End PBXBuildFile section */

/* Begin PBXContainerItemProxy section */
		94D5DB571D45C2DB0072F821 /* PBXContainerItemProxy */ = {
			isa = PBXContainerItemProxy;
			containerPortal = 94D5DB351D45C2DB0072F821 /* Project object */;
			proxyType = 1;
			remoteGlobalIDString = 94D5DB3C1D45C2DB0072F821;
			remoteInfo = Quiz;
		};
		94D5DB621D45C2DB0072F821 /* PBXContainerItemProxy */ = {
			isa = PBXContainerItemProxy;
			containerPortal = 94D5DB351D45C2DB0072F821 /* Project object */;
			proxyType = 1;
			remoteGlobalIDString = 94D5DB3C1D45C2DB0072F821;
			remoteInfo = Quiz;
		};
/* End PBXContainerItemProxy section */

/* Begin PBXFileReference section */
		94D5DB3D1D45C2DB0072F821 /* Quiz.app */ = {isa = PBXFileReference; explicitFileType = wrapper.application; includeInIndex = 0; path = Quiz.app; sourceTree = BUILT_PRODUCTS_DIR; };
		94D5DB411D45C2DB0072F821 /* main.m */ = {isa = PBXFileReference; lastKnownFileType = sourcecode.c.objc; path = main.m; sourceTree = "<group>"; };
		94D5DB431D45C2DB0072F821 /* AppDelegate.h */ = {isa = PBXFileReference; lastKnownFileType = sourcecode.c.h; path = AppDelegate.h; sourceTree = "<group>"; };
		94D5DB441D45C2DB0072F821 /* AppDelegate.m */ = {isa = PBXFileReference; lastKnownFileType = sourcecode.c.objc; path = AppDelegate.m; sourceTree = "<group>"; };
		94D5DB461D45C2DB0072F821 /* ViewController.h */ = {isa = PBXFileReference; lastKnownFileType = sourcecode.c.h; path = ViewController.h; sourceTree = "<group>"; };
		94D5DB471D45C2DB0072F821 /* ViewController.m */ = {isa = PBXFileReference; lastKnownFileType = sourcecode.c.objc; path = ViewController.m; sourceTree = "<group>"; };
		94D5DB4A1D45C2DB0072F821 /* Base */ = {isa = PBXFileReference; lastKnownFileType = file.storyboard; name = Base; path = Base.lproj/Main.storyboard; sourceTree = "<group>"; };
		94D5DB4C1D45C2DB0072F821 /* Assets.xcassets */ = {isa = PBXFileReference; lastKnownFileType = folder.assetcatalog; path = Assets.xcassets; sourceTree = "<group>"; };
		94D5DB4F1D45C2DB0072F821 /* Base */ = {isa = PBXFileReference; lastKnownFileType = file.storyboard; name = Base; path = Base.lproj/LaunchScreen.storyboard; sourceTree = "<group>"; };
		94D5DB511D45C2DB0072F821 /* Info.plist */ = {isa = PBXFileReference; lastKnownFileType = text.plist.xml; path = Info.plist; sourceTree = "<group>"; };
		94D5DB561D45C2DB0072F821 /* QuizTests.xctest */ = {isa = PBXFileReference; explicitFileType = wrapper.cfbundle; includeInIndex = 0; path = QuizTests.xctest; sourceTree = BUILT_PRODUCTS_DIR; };
		94D5DB5A1D45C2DB0072F821 /* QuizTests.m */ = {isa = PBXFileReference; lastKnownFileType = sourcecode.c.objc; path = QuizTests.m; sourceTree = "<group>"; };
		94D5DB5C1D45C2DB0072F821 /* Info.plist */ = {isa = PBXFileReference; lastKnownFileType = text.plist.xml; path = Info.plist; sourceTree = "<group>"; };
		94D5DB611D45C2DB0072F821 /* QuizUITests.xctest */ = {isa = PBXFileReference; explicitFileType = wrapper.cfbundle; includeInIndex = 0; path = QuizUITests.xctest; sourceTree = BUILT_PRODUCTS_DIR; };
		94D5DB651D45C2DB0072F821 /* QuizUITests.m */ = {isa = PBXFileReference; lastKnownFileType = sourcecode.c.objc; path = QuizUITests.m; sourceTree = "<group>"; };
		94D5DB671D45C2DB0072F821 /* Info.plist */ = {isa = PBXFileReference; lastKnownFileType = text.plist.xml; path = Info.plist; sourceTree = "<group>"; };
/* End PBXFileReference section */

/* Begin PBXFrameworksBuildPhase section */
		94D5DB3A1D45C2DB0072F821 /* Frameworks */ = {
			isa = PBXFrameworksBuildPhase;
			buildActionMask = 2147483647;
			files = (
			);
			runOnlyForDeploymentPostprocessing = 0;
		};
		94D5DB531D45C2DB0072F821 /* Frameworks */ = {
			isa = PBXFrameworksBuildPhase;
			buildActionMask = 2147483647;
			files = (
			);
			runOnlyForDeploymentPostprocessing = 0;
		};
		94D5DB5E1D45C2DB0072F821 /* Frameworks */ = {
			isa = PBXFrameworksBuildPhase;
			buildActionMask = 2147483647;
			files = (
			);
			runOnlyForDeploymentPostprocessing = 0;
		};
/* End PBXFrameworksBuildPhase section */

/* Begin PBXGroup section */
		94D5DB341D45C2DB0072F821 = {
			isa = PBXGroup;
			children = (
				94D5DB3F1D45C2DB0072F821 /* Quiz */,
				94D5DB591D45C2DB0072F821 /* QuizTests */,
				94D5DB641D45C2DB0072F821 /* QuizUITests */,
				94D5DB3E1D45C2DB0072F821 /* Products */,
			);
			sourceTree = "<group>";
		};
		94D5DB3E1D45C2DB0072F821 /* Products */ = {
			isa = PBXGroup;
			children = (
				94D5DB3D1D45C2DB0072F821 /* Quiz.app */,
				94D5DB561D45C2DB0072F821 /* QuizTests.xctest */,
				94D5DB611D45C2DB0072F821 /* QuizUITests.xctest */,
			);
			name = Products;
			sourceTree = "<group>";
		};
		94D5DB3F1D45C2DB0072F821 /* Quiz */ = {
			isa = PBXGroup;
			children = (
				94D5DB431D45C2DB0072F821 /* AppDelegate.h */,
				94D5DB441D45C2DB0072F821 /* AppDelegate.m */,
				94D5DB461D45C2DB0072F821 /* ViewController.h */,
				94D5DB471D45C2DB0072F821 /* ViewController.m */,
				94D5DB491D45C2DB0072F821 /* Main.storyboard */,
				94D5DB4C1D45C2DB0072F821 /* Assets.xcassets */,
				94D5DB4E1D45C2DB0072F821 /* LaunchScreen.storyboard */,
				94D5DB511D45C2DB0072F821 /* Info.plist */,
				94D5DB401D45C2DB0072F821 /* Supporting Files */,
			);
			path = Quiz;
			sourceTree = "<group>";
		};
		94D5DB401D45C2DB0072F821 /* Supporting Files */ = {
			isa = PBXGroup;
			children = (
				94D5DB411D45C2DB0072F821 /* main.m */,
			);
			name = "Supporting Files";
			sourceTree = "<group>";
		};
		94D5DB591D45C2DB0072F821 /* QuizTests */ = {
			isa = PBXGroup;
			children = (
				94D5DB5A1D45C2DB0072F821 /* QuizTests.m */,
				94D5DB5C1D45C2DB0072F821 /* Info.plist */,
			);
			path = QuizTests;
			sourceTree = "<group>";
		};
		94D5DB641D45C2DB0072F821 /* QuizUITests */ = {
			isa = PBXGroup;
			children = (
				94D5DB651D45C2DB0072F821 /* QuizUITests.m */,
				94D5DB671D45C2DB0072F821 /* Info.plist */,
			);
			path = QuizUITests;
			sourceTree = "<group>";
		};
/* End PBXGroup section */

/* Begin PBXNativeTarget section */
		94D5DB3C1D45C2DB0072F821 /* Quiz */ = {
			isa = PBXNativeTarget;
			buildConfigurationList = 94D5DB6A1D45C2DB0072F821 /* Build configuration list for PBXNativeTarget "Quiz" */;
			buildPhases = (
				94D5DB391D45C2DB0072F821 /* Sources */,
				94D5DB3A1D45C2DB0072F821 /* Frameworks */,
				94D5DB3B1D45C2DB0072F821 /* Resources */,
			);
			buildRules = (
			);
			dependencies = (
			);
			name = Quiz;
			productName = Quiz;
			productReference = 94D5DB3D1D45C2DB0072F821 /* Quiz.app */;
			productType = "com.apple.product-type.application";
		};
		94D5DB551D45C2DB0072F821 /* QuizTests */ = {
			isa = PBXNativeTarget;
			buildConfigurationList = 94D5DB6D1D45C2DB0072F821 /* Build configuration list for PBXNativeTarget "QuizTests" */;
			buildPhases = (
				94D5DB521D45C2DB0072F821 /* Sources */,
				94D5DB531D45C2DB0072F821 /* Frameworks */,
				94D5DB541D45C2DB0072F821 /* Resources */,
			);
			buildRules = (
			);
			dependencies = (
				94D5DB581D45C2DB0072F821 /* PBXTargetDependency */,
			);
			name = QuizTests;
			productName = QuizTests;
			productReference = 94D5DB561D45C2DB0072F821 /* QuizTests.xctest */;
			productType = "com.apple.product-type.bundle.unit-test";
		};
		94D5DB601D45C2DB0072F821 /* QuizUITests */ = {
			isa = PBXNativeTarget;
			buildConfigurationList = 94D5DB701D45C2DB0072F821 /* Build configuration list for PBXNativeTarget "QuizUITests" */;
			buildPhases = (
				94D5DB5D1D45C2DB0072F821 /* Sources */,
				94D5DB5E1D45C2DB0072F821 /* Frameworks */,
				94D5DB5F1D45C2DB0072F821 /* Resources */,
			);
			buildRules = (
			);
			dependencies = (
				94D5DB631D45C2DB0072F821 /* PBXTargetDependency */,
			);
			name = QuizUITests;
			productName = QuizUITests;
			productReference = 94D5DB611D45C2DB0072F821 /* QuizUITests.xctest */;
			productType = "com.apple.product-type.bundle.ui-testing";
		};
/* End PBXNativeTarget section */

/* Begin PBXProject section */
		94D5DB351D45C2DB0072F821 /* Project object */ = {
			isa = PBXProject;
			attributes = {
				LastUpgradeCheck = 0730;
				ORGANIZATIONNAME = calren;
				TargetAttributes = {
					94D5DB3C1D45C2DB0072F821 = {
						CreatedOnToolsVersion = 7.3.1;
					};
					94D5DB551D45C2DB0072F821 = {
						CreatedOnToolsVersion = 7.3.1;
						TestTargetID = 94D5DB3C1D45C2DB0072F821;
					};
					94D5DB601D45C2DB0072F821 = {
						CreatedOnToolsVersion = 7.3.1;
						TestTargetID = 94D5DB3C1D45C2DB0072F821;
					};
				};
			};
			buildConfigurationList = 94D5DB381D45C2DB0072F821 /* Build configuration list for PBXProject "Quiz" */;
			compatibilityVersion = "Xcode 3.2";
			developmentRegion = English;
			hasScannedForEncodings = 0;
			knownRegions = (
				en,
				Base,
			);
			mainGroup = 94D5DB341D45C2DB0072F821;
			productRefGroup = 94D5DB3E1D45C2DB0072F821 /* Products */;
			projectDirPath = "";
			projectRoot = "";
			targets = (
				94D5DB3C1D45C2DB0072F821 /* Quiz */,
				94D5DB551D45C2DB0072F821 /* QuizTests */,
				94D5DB601D45C2DB0072F821 /* QuizUITests */,
			);
		};
/* End PBXProject section */

/* Begin PBXResourcesBuildPhase section */
		94D5DB3B1D45C2DB0072F821 /* Resources */ = {
			isa = PBXResourcesBuildPhase;
			buildActionMask = 2147483647;
			files = (
				94D5DB501D45C2DB0072F821 /* LaunchScreen.storyboard in Resources */,
				94D5DB4D1D45C2DB0072F821 /* Assets.xcassets in Resources */,
				94D5DB4B1D45C2DB0072F821 /* Main.storyboard in Resources */,
			);
			runOnlyForDeploymentPostprocessing = 0;
		};
		94D5DB541D45C2DB0072F821 /* Resources */ = {
			isa = PBXResourcesBuildPhase;
			buildActionMask = 2147483647;
			files = (
			);
			runOnlyForDeploymentPostprocessing = 0;
		};
		94D5DB5F1D45C2DB0072F821 /* Resources */ = {
			isa = PBXResourcesBuildPhase;
			buildActionMask = 2147483647;
			files = (
			);
			runOnlyForDeploymentPostprocessing = 0;
		};
/* End PBXResourcesBuildPhase section */

/* Begin PBXSourcesBuildPhase section */
		94D5DB391D45C2DB0072F821 /* Sources */ = {
			isa = PBXSourcesBuildPhase;
			buildActionMask = 2147483647;
			files = (
				94D5DB481D45C2DB0072F821 /* ViewController.m in Sources */,
				94D5DB451D45C2DB0072F821 /* AppDelegate.m in Sources */,
				94D5DB421D45C2DB0072F821 /* main.m in Sources */,
			);
			runOnlyForDeploymentPostprocessing = 0;
		};
		94D5DB521D45C2DB0072F821 /* Sources */ = {
			isa = PBXSourcesBuildPhase;
			buildActionMask = 2147483647;
			files = (
				94D5DB5B1D45C2DB0072F821 /* QuizTests.m in Sources */,
			);
			runOnlyForDeploymentPostprocessing = 0;
		};
		94D5DB5D1D45C2DB0072F821 /* Sources */ = {
			isa = PBXSourcesBuildPhase;
			buildActionMask = 2147483647;
			files = (
				94D5DB661D45C2DB0072F821 /* QuizUITests.m in Sources */,
			);
			runOnlyForDeploymentPostprocessing = 0;
		};
/* End PBXSourcesBuildPhase section */

/* Begin PBXTargetDependency section */
		94D5DB581D45C2DB0072F821 /* PBXTargetDependency */ = {
			isa = PBXTargetDependency;
			target = 94D5DB3C1D45C2DB0072F821 /* Quiz */;
			targetProxy = 94D5DB571D45C2DB0072F821 /* PBXContainerItemProxy */;
		};
		94D5DB631D45C2DB0072F821 /* PBXTargetDependency */ = {
			isa = PBXTargetDependency;
			target = 94D5DB3C1D45C2DB0072F821 /* Quiz */;
			targetProxy = 94D5DB621D45C2DB0072F821 /* PBXContainerItemProxy */;
		};
/* End PBXTargetDependency section */

/* Begin PBXVariantGroup section */
		94D5DB491D45C2DB0072F821 /* Main.storyboard */ = {
			isa = PBXVariantGroup;
			children = (
				94D5DB4A1D45C2DB0072F821 /* Base */,
			);
			name = Main.storyboard;
			sourceTree = "<group>";
		};
		94D5DB4E1D45C2DB0072F821 /* LaunchScreen.storyboard */ = {
			isa = PBXVariantGroup;
			children = (
				94D5DB4F1D45C2DB0072F821 /* Base */,
			);
			name = LaunchScreen.storyboard;
			sourceTree = "<group>";
		};
/* End PBXVariantGroup section */

/* Begin XCBuildConfiguration section */
		94D5DB681D45C2DB0072F821 /* Debug */ = {
			isa = XCBuildConfiguration;
			buildSettings = {
				ALWAYS_SEARCH_USER_PATHS = NO;
				CLANG_ANALYZER_NONNULL = YES;
				CLANG_CXX_LANGUAGE_STANDARD = "gnu++0x";
				CLANG_CXX_LIBRARY = "libc++";
				CLANG_ENABLE_MODULES = YES;
				CLANG_ENABLE_OBJC_ARC = YES;
				CLANG_WARN_BOOL_CONVERSION = YES;
				CLANG_WARN_CONSTANT_CONVERSION = YES;
				CLANG_WARN_DIRECT_OBJC_ISA_USAGE = YES_ERROR;
				CLANG_WARN_EMPTY_BODY = YES;
				CLANG_WARN_ENUM_CONVERSION = YES;
				CLANG_WARN_INT_CONVERSION = YES;
				CLANG_WARN_OBJC_ROOT_CLASS = YES_ERROR;
				CLANG_WARN_UNREACHABLE_CODE = YES;
				CLANG_WARN__DUPLICATE_METHOD_MATCH = YES;
				"CODE_SIGN_IDENTITY[sdk=iphoneos*]" = "iPhone Developer";
				COPY_PHASE_STRIP = NO;
				DEBUG_INFORMATION_FORMAT = dwarf;
				ENABLE_STRICT_OBJC_MSGSEND = YES;
				ENABLE_TESTABILITY = YES;
				GCC_C_LANGUAGE_STANDARD = gnu99;
				GCC_DYNAMIC_NO_PIC = NO;
				GCC_NO_COMMON_BLOCKS = YES;
				GCC_OPTIMIZATION_LEVEL = 0;
				GCC_PREPROCESSOR_DEFINITIONS = (
					"DEBUG=1",
					"$(inherited)",
				);
				GCC_WARN_64_TO_32_BIT_CONVERSION = YES;
				GCC_WARN_ABOUT_RETURN_TYPE = YES_ERROR;
				GCC_WARN_UNDECLARED_SELECTOR = YES;
				GCC_WARN_UNINITIALIZED_AUTOS = YES_AGGRESSIVE;
				GCC_WARN_UNUSED_FUNCTION = YES;
				GCC_WARN_UNUSED_VARIABLE = YES;
				IPHONEOS_DEPLOYMENT_TARGET = 9.3;
				MTL_ENABLE_DEBUG_INFO = YES;
				ONLY_ACTIVE_ARCH = YES;
				SDKROOT = iphoneos;
				TARGETED_DEVICE_FAMILY = "1,2";
			};
			name = Debug;
		};
		94D5DB691D45C2DB0072F821 /* Release */ = {
			isa = XCBuildConfiguration;
			buildSettings = {
				ALWAYS_SEARCH_USER_PATHS = NO;
				CLANG_ANALYZER_NONNULL = YES;
				CLANG_CXX_LANGUAGE_STANDARD = "gnu++0x";
				CLANG_CXX_LIBRARY = "libc++";
				CLANG_ENABLE_MODULES = YES;
				CLANG_ENABLE_OBJC_ARC = YES;
				CLANG_WARN_BOOL_CONVERSION = YES;
				CLANG_WARN_CONSTANT_CONVERSION = YES;
				CLANG_WARN_DIRECT_OBJC_ISA_USAGE = YES_ERROR;
				CLANG_WARN_EMPTY_BODY = YES;
				CLANG_WARN_ENUM_CONVERSION = YES;
				CLANG_WARN_INT_CONVERSION = YES;
				CLANG_WARN_OBJC_ROOT_CLASS = YES_ERROR;
				CLANG_WARN_UNREACHABLE_CODE = YES;
				CLANG_WARN__DUPLICATE_METHOD_MATCH = YES;
				"CODE_SIGN_IDENTITY[sdk=iphoneos*]" = "iPhone Developer";
				COPY_PHASE_STRIP = NO;
				DEBUG_INFORMATION_FORMAT = "dwarf-with-dsym";
				ENABLE_NS_ASSERTIONS = NO;
				ENABLE_STRICT_OBJC_MSGSEND = YES;
				GCC_C_LANGUAGE_STANDARD = gnu99;
				GCC_NO_COMMON_BLOCKS = YES;
				GCC_WARN_64_TO_32_BIT_CONVERSION = YES;
				GCC_WARN_ABOUT_RETURN_TYPE = YES_ERROR;
				GCC_WARN_UNDECLARED_SELECTOR = YES;
				GCC_WARN_UNINITIALIZED_AUTOS = YES_AGGRESSIVE;
				GCC_WARN_UNUSED_FUNCTION = YES;
				GCC_WARN_UNUSED_VARIABLE = YES;
				IPHONEOS_DEPLOYMENT_TARGET = 9.3;
				MTL_ENABLE_DEBUG_INFO = NO;
				SDKROOT = iphoneos;
				TARGETED_DEVICE_FAMILY = "1,2";
				VALIDATE_PRODUCT = YES;
			};
			name = Release;
		};
		94D5DB6B1D45C2DB0072F821 /* Debug */ = {
			isa = XCBuildConfiguration;
			buildSettings = {
				ASSETCATALOG_COMPILER_APPICON_NAME = AppIcon;
				INFOPLIST_FILE = Quiz/Info.plist;
				LD_RUNPATH_SEARCH_PATHS = "$(inherited) @executable_path/Frameworks";
				PRODUCT_BUNDLE_IDENTIFIER = calren.Quiz;
				PRODUCT_NAME = "$(TARGET_NAME)";
			};
			name = Debug;
		};
		94D5DB6C1D45C2DB0072F821 /* Release */ = {
			isa = XCBuildConfiguration;
			buildSettings = {
				ASSETCATALOG_COMPILER_APPICON_NAME = AppIcon;
				INFOPLIST_FILE = Quiz/Info.plist;
				LD_RUNPATH_SEARCH_PATHS = "$(inherited) @executable_path/Frameworks";
				PRODUCT_BUNDLE_IDENTIFIER = calren.Quiz;
				PRODUCT_NAME = "$(TARGET_NAME)";
			};
			name = Release;
		};
		94D5DB6E1D45C2DB0072F821 /* Debug */ = {
			isa = XCBuildConfiguration;
			buildSettings = {
				BUNDLE_LOADER = "$(TEST_HOST)";
				INFOPLIST_FILE = QuizTests/Info.plist;
				LD_RUNPATH_SEARCH_PATHS = "$(inherited) @executable_path/Frameworks @loader_path/Frameworks";
				PRODUCT_BUNDLE_IDENTIFIER = calren.QuizTests;
				PRODUCT_NAME = "$(TARGET_NAME)";
				TEST_HOST = "$(BUILT_PRODUCTS_DIR)/Quiz.app/Quiz";
			};
			name = Debug;
		};
		94D5DB6F1D45C2DB0072F821 /* Release */ = {
			isa = XCBuildConfiguration;
			buildSettings = {
				BUNDLE_LOADER = "$(TEST_HOST)";
				INFOPLIST_FILE = QuizTests/Info.plist;
				LD_RUNPATH_SEARCH_PATHS = "$(inherited) @executable_path/Frameworks @loader_path/Frameworks";
				PRODUCT_BUNDLE_IDENTIFIER = calren.QuizTests;
				PRODUCT_NAME = "$(TARGET_NAME)";
				TEST_HOST = "$(BUILT_PRODUCTS_DIR)/Quiz.app/Quiz";
			};
			name = Release;
		};
		94D5DB711D45C2DB0072F821 /* Debug */ = {
			isa = XCBuildConfiguration;
			buildSettings = {
				INFOPLIST_FILE = QuizUITests/Info.plist;
				LD_RUNPATH_SEARCH_PATHS = "$(inherited) @executable_path/Frameworks @loader_path/Frameworks";
				PRODUCT_BUNDLE_IDENTIFIER = calren.QuizUITests;
				PRODUCT_NAME = "$(TARGET_NAME)";
				TEST_TARGET_NAME = Quiz;
			};
			name = Debug;
		};
		94D5DB721D45C2DB0072F821 /* Release */ = {
			isa = XCBuildConfiguration;
			buildSettings = {
				INFOPLIST_FILE = QuizUITests/Info.plist;
				LD_RUNPATH_SEARCH_PATHS = "$(inherited) @executable_path/Frameworks @loader_path/Frameworks";
				PRODUCT_BUNDLE_IDENTIFIER = calren.QuizUITests;
				PRODUCT_NAME = "$(TARGET_NAME)";
				TEST_TARGET_NAME = Quiz;
			};
			name = Release;
		};
/* End XCBuildConfiguration section */

/* Begin XCConfigurationList section */
		94D5DB381D45C2DB0072F821 /* Build configuration list for PBXProject "Quiz" */ = {
			isa = XCConfigurationList;
			buildConfigurations = (
				94D5DB681D45C2DB0072F821 /* Debug */,
				94D5DB691D45C2DB0072F821 /* Release */,
			);
			defaultConfigurationIsVisible = 0;
			defaultConfigurationName = Release;
		};
		94D5DB6A1D45C2DB0072F821 /* Build configuration list for PBXNativeTarget "Quiz" */ = {
			isa = XCConfigurationList;
			buildConfigurations = (
				94D5DB6B1D45C2DB0072F821 /* Debug */,
				94D5DB6C1D45C2DB0072F821 /* Release */,
			);
			defaultConfigurationIsVisible = 0;
		};
		94D5DB6D1D45C2DB0072F821 /* Build configuration list for PBXNativeTarget "QuizTests" */ = {
			isa = XCConfigurationList;
			buildConfigurations = (
				94D5DB6E1D45C2DB0072F821 /* Debug */,
				94D5DB6F1D45C2DB0072F821 /* Release */,
			);
			defaultConfigurationIsVisible = 0;
		};
		94D5DB701D45C2DB0072F821 /* Build configuration list for PBXNativeTarget "QuizUITests" */ = {
			isa = XCConfigurationList;
			buildConfigurations = (
				94D5DB711D45C2DB0072F821 /* Debug */,
				94D5DB721D45C2DB0072F821 /* Release */,
			);
			defaultConfigurationIsVisible = 0;
		};
/* End XCConfigurationList section */
	};
	rootObject = 94D5DB351D45C2DB0072F821 /* Project object */;
}
